
Microsoft Visual Studio Solution File, Format Version 12.00
# Visual Studio Version 17
VisualStudioVersion = 17.14.36518.9 d17.14
MinimumVisualStudioVersion = 10.0.40219.1
Project("{FAE04EC0-301F-11D3-BF4B-00C04F79EFBC}") = "LLMChatBot", "LLMChatBot\LLMChatBot.csproj", "{D891484E-D433-4407-8555-1C7E33480B6E}"
EndProject
Global
	GlobalSection(SolutionConfigurationPlatforms) = preSolution
		Debug|Any CPU = Debug|Any CPU
		Release|Any CPU = Release|Any CPU
	EndGlobalSection
	GlobalSection(ProjectConfigurationPlatforms) = postSolution
		{D891484E-D433-4407-8555-1C7E33480B6E}.Debug|Any CPU.ActiveCfg = Debug|Any CPU
		{D891484E-D433-4407-8555-1C7E33480B6E}.Debug|Any CPU.Build.0 = Debug|Any CPU
		{D891484E-D433-4407-8555-1C7E33480B6E}.Release|Any CPU.ActiveCfg = Release|Any CPU
		{D891484E-D433-4407-8555-1C7E33480B6E}.Release|Any CPU.Build.0 = Release|Any CPU
	EndGlobalSection
	GlobalSection(SolutionProperties) = preSolution
		HideSolutionNode = FALSE
	EndGlobalSection
	GlobalSection(ExtensibilityGlobals) = postSolution
		SolutionGuid = {E5A20436-B812-4FFC-BB56-2BDBC0EA88D1}
	EndGlobalSection
EndGlobal
